
Microsoft Visual Studio Solution File, Format Version 12.00
# Visual Studio Version 17
VisualStudioVersion = 17.8.34330.188
MinimumVisualStudioVersion = 10.0.40219.1
Project("{FAE04EC0-301F-11D3-BF4B-00C04F79EFBC}") = "CodeFirstOnetoMany", "CodeFirstOnetoMany\CodeFirstOnetoMany.csproj", "{EC62A7B9-4697-4211-B803-5BCF4BA44075}"
EndProject
Global
	GlobalSection(SolutionConfigurationPlatforms) = preSolution
		Debug|Any CPU = Debug|Any CPU
		Release|Any CPU = Release|Any CPU
	EndGlobalSection
	GlobalSection(ProjectConfigurationPlatforms) = postSolution
		{EC62A7B9-4697-4211-B803-5BCF4BA44075}.Debug|Any CPU.ActiveCfg = Debug|Any CPU
		{EC62A7B9-4697-4211-B803-5BCF4BA44075}.Debug|Any CPU.Build.0 = Debug|Any CPU
		{EC62A7B9-4697-4211-B803-5BCF4BA44075}.Release|Any CPU.ActiveCfg = Release|Any CPU
		{EC62A7B9-4697-4211-B803-5BCF4BA44075}.Release|Any CPU.Build.0 = Release|Any CPU
	EndGlobalSection
	GlobalSection(SolutionProperties) = preSolution
		HideSolutionNode = FALSE
	EndGlobalSection
	GlobalSection(ExtensibilityGlobals) = postSolution
		SolutionGuid = {3713D76C-DA60-4BCC-B603-D21DE67496BD}
	EndGlobalSection
EndGlobal
